
Microsoft Visual Studio Solution File, Format Version 12.00
Project("{FAE04EC0-301F-11D3-BF4B-00C04F79EFBC}") = "ReliveSpritePacker", "ReliveSpritePacker.csproj", "{68605565-DC10-4D07-A879-9874357DC9BE}"
EndProject
Global
	GlobalSection(SolutionConfigurationPlatforms) = preSolution
		Debug|Any CPU = Debug|Any CPU
		Release|Any CPU = Release|Any CPU
	EndGlobalSection
	GlobalSection(ProjectConfigurationPlatforms) = postSolution
		{68605565-DC10-4D07-A879-9874357DC9BE}.Debug|Any CPU.ActiveCfg = Debug|Any CPU
		{68605565-DC10-4D07-A879-9874357DC9BE}.Debug|Any CPU.Build.0 = Debug|Any CPU
		{68605565-DC10-4D07-A879-9874357DC9BE}.Release|Any CPU.ActiveCfg = Release|Any CPU
		{68605565-DC10-4D07-A879-9874357DC9BE}.Release|Any CPU.Build.0 = Release|Any CPU
	EndGlobalSection
EndGlobal
